
Microsoft Visual Studio Solution File, Format Version 12.00
# Visual Studio Version 16
VisualStudioVersion = 16.6.30114.105
MinimumVisualStudioVersion = 10.0.40219.1
Project("{FAE04EC0-301F-11D3-BF4B-00C04F79EFBC}") = "API", "API\API.csproj", "{19976AA8-1BB2-4D60-8801-221B0B4052D6}"
EndProject
Project("{FAE04EC0-301F-11D3-BF4B-00C04F79EFBC}") = "Application", "Application\Application.csproj", "{D2BE7391-32D9-4A8C-8781-496CC238918D}"
EndProject
Project("{FAE04EC0-301F-11D3-BF4B-00C04F79EFBC}") = "Persistence", "Persistence\Persistence.csproj", "{58ABE915-3AC5-48C0-A1D3-093C99FCCEC1}"
EndProject
Project("{FAE04EC0-301F-11D3-BF4B-00C04F79EFBC}") = "Domain", "Domain\Domain.csproj", "{D6F913BB-766C-4178-A17D-B4427F48E6A3}"
EndProject
Project("{FAE04EC0-301F-11D3-BF4B-00C04F79EFBC}") = "API.Tests", "API.Tests\API.Tests.csproj", "{42DBE3AD-EDA1-4CBE-8F51-3FCEC1C55F01}"
EndProject
Project("{FAE04EC0-301F-11D3-BF4B-00C04F79EFBC}") = "Application.Tests", "Application.Tests\Application.Tests.csproj", "{EF7941B8-6518-433F-950D-00481A7C105B}"
EndProject
Project("{FAE04EC0-301F-11D3-BF4B-00C04F79EFBC}") = "Domain.Tests", "Domain.Tests\Domain.Tests.csproj", "{2C8C865A-ACE3-4DE8-8F0B-BC996B698AD3}"
EndProject
Project("{FAE04EC0-301F-11D3-BF4B-00C04F79EFBC}") = "Persistence.Tests", "Persistence.Tests\Persistence.Tests.csproj", "{9AD76D59-DA3E-421F-A217-7252316CD15D}"
EndProject
Global
	GlobalSection(SolutionConfigurationPlatforms) = preSolution
		Debug|Any CPU = Debug|Any CPU
		Debug|x64 = Debug|x64
		Debug|x86 = Debug|x86
		Release|Any CPU = Release|Any CPU
		Release|x64 = Release|x64
		Release|x86 = Release|x86
	EndGlobalSection
	GlobalSection(SolutionProperties) = preSolution
		HideSolutionNode = FALSE
	EndGlobalSection
	GlobalSection(ProjectConfigurationPlatforms) = postSolution
		{19976AA8-1BB2-4D60-8801-221B0B4052D6}.Debug|Any CPU.ActiveCfg = Debug|Any CPU
		{19976AA8-1BB2-4D60-8801-221B0B4052D6}.Debug|Any CPU.Build.0 = Debug|Any CPU
		{19976AA8-1BB2-4D60-8801-221B0B4052D6}.Debug|x64.ActiveCfg = Debug|Any CPU
		{19976AA8-1BB2-4D60-8801-221B0B4052D6}.Debug|x64.Build.0 = Debug|Any CPU
		{19976AA8-1BB2-4D60-8801-221B0B4052D6}.Debug|x86.ActiveCfg = Debug|Any CPU
		{19976AA8-1BB2-4D60-8801-221B0B4052D6}.Debug|x86.Build.0 = Debug|Any CPU
		{19976AA8-1BB2-4D60-8801-221B0B4052D6}.Release|Any CPU.ActiveCfg = Release|Any CPU
		{19976AA8-1BB2-4D60-8801-221B0B4052D6}.Release|Any CPU.Build.0 = Release|Any CPU
		{19976AA8-1BB2-4D60-8801-221B0B4052D6}.Release|x64.ActiveCfg = Release|Any CPU
		{19976AA8-1BB2-4D60-8801-221B0B4052D6}.Release|x64.Build.0 = Release|Any CPU
		{19976AA8-1BB2-4D60-8801-221B0B4052D6}.Release|x86.ActiveCfg = Release|Any CPU
		{19976AA8-1BB2-4D60-8801-221B0B4052D6}.Release|x86.Build.0 = Release|Any CPU
		{D2BE7391-32D9-4A8C-8781-496CC238918D}.Debug|Any CPU.ActiveCfg = Debug|Any CPU
		{D2BE7391-32D9-4A8C-8781-496CC238918D}.Debug|Any CPU.Build.0 = Debug|Any CPU
		{D2BE7391-32D9-4A8C-8781-496CC238918D}.Debug|x64.ActiveCfg = Debug|Any CPU
		{D2BE7391-32D9-4A8C-8781-496CC238918D}.Debug|x64.Build.0 = Debug|Any CPU
		{D2BE7391-32D9-4A8C-8781-496CC238918D}.Debug|x86.ActiveCfg = Debug|Any CPU
		{D2BE7391-32D9-4A8C-8781-496CC238918D}.Debug|x86.Build.0 = Debug|Any CPU
		{D2BE7391-32D9-4A8C-8781-496CC238918D}.Release|Any CPU.ActiveCfg = Release|Any CPU
		{D2BE7391-32D9-4A8C-8781-496CC238918D}.Release|Any CPU.Build.0 = Release|Any CPU
		{D2BE7391-32D9-4A8C-8781-496CC238918D}.Release|x64.ActiveCfg = Release|Any CPU
		{D2BE7391-32D9-4A8C-8781-496CC238918D}.Release|x64.Build.0 = Release|Any CPU
		{D2BE7391-32D9-4A8C-8781-496CC238918D}.Release|x86.ActiveCfg = Release|Any CPU
		{D2BE7391-32D9-4A8C-8781-496CC238918D}.Release|x86.Build.0 = Release|Any CPU
		{58ABE915-3AC5-48C0-A1D3-093C99FCCEC1}.Debug|Any CPU.ActiveCfg = Debug|Any CPU
		{58ABE915-3AC5-48C0-A1D3-093C99FCCEC1}.Debug|Any CPU.Build.0 = Debug|Any CPU
		{58ABE915-3AC5-48C0-A1D3-093C99FCCEC1}.Debug|x64.ActiveCfg = Debug|Any CPU
		{58ABE915-3AC5-48C0-A1D3-093C99FCCEC1}.Debug|x64.Build.0 = Debug|Any CPU
		{58ABE915-3AC5-48C0-A1D3-093C99FCCEC1}.Debug|x86.ActiveCfg = Debug|Any CPU
		{58ABE915-3AC5-48C0-A1D3-093C99FCCEC1}.Debug|x86.Build.0 = Debug|Any CPU
		{58ABE915-3AC5-48C0-A1D3-093C99FCCEC1}.Release|Any CPU.ActiveCfg = Release|Any CPU
		{58ABE915-3AC5-48C0-A1D3-093C99FCCEC1}.Release|Any CPU.Build.0 = Release|Any CPU
		{58ABE915-3AC5-48C0-A1D3-093C99FCCEC1}.Release|x64.ActiveCfg = Release|Any CPU
		{58ABE915-3AC5-48C0-A1D3-093C99FCCEC1}.Release|x64.Build.0 = Release|Any CPU
		{58ABE915-3AC5-48C0-A1D3-093C99FCCEC1}.Release|x86.ActiveCfg = Release|Any CPU
		{58ABE915-3AC5-48C0-A1D3-093C99FCCEC1}.Release|x86.Build.0 = Release|Any CPU
		{D6F913BB-766C-4178-A17D-B4427F48E6A3}.Debug|Any CPU.ActiveCfg = Debug|Any CPU
		{D6F913BB-766C-4178-A17D-B4427F48E6A3}.Debug|Any CPU.Build.0 = Debug|Any CPU
		{D6F913BB-766C-4178-A17D-B4427F48E6A3}.Debug|x64.ActiveCfg = Debug|Any CPU
		{D6F913BB-766C-4178-A17D-B4427F48E6A3}.Debug|x64.Build.0 = Debug|Any CPU
		{D6F913BB-766C-4178-A17D-B4427F48E6A3}.Debug|x86.ActiveCfg = Debug|Any CPU
		{D6F913BB-766C-4178-A17D-B4427F48E6A3}.Debug|x86.Build.0 = Debug|Any CPU
		{D6F913BB-766C-4178-A17D-B4427F48E6A3}.Release|Any CPU.ActiveCfg = Release|Any CPU
		{D6F913BB-766C-4178-A17D-B4427F48E6A3}.Release|Any CPU.Build.0 = Release|Any CPU
		{D6F913BB-766C-4178-A17D-B4427F48E6A3}.Release|x64.ActiveCfg = Release|Any CPU
		{D6F913BB-766C-4178-A17D-B4427F48E6A3}.Release|x64.Build.0 = Release|Any CPU
		{D6F913BB-766C-4178-A17D-B4427F48E6A3}.Release|x86.ActiveCfg = Release|Any CPU
		{D6F913BB-766C-4178-A17D-B4427F48E6A3}.Release|x86.Build.0 = Release|Any CPU
		{42DBE3AD-EDA1-4CBE-8F51-3FCEC1C55F01}.Debug|Any CPU.ActiveCfg = Debug|Any CPU
		{42DBE3AD-EDA1-4CBE-8F51-3FCEC1C55F01}.Debug|Any CPU.Build.0 = Debug|Any CPU
		{42DBE3AD-EDA1-4CBE-8F51-3FCEC1C55F01}.Debug|x64.ActiveCfg = Debug|Any CPU
		{42DBE3AD-EDA1-4CBE-8F51-3FCEC1C55F01}.Debug|x64.Build.0 = Debug|Any CPU
		{42DBE3AD-EDA1-4CBE-8F51-3FCEC1C55F01}.Debug|x86.ActiveCfg = Debug|Any CPU
		{42DBE3AD-EDA1-4CBE-8F51-3FCEC1C55F01}.Debug|x86.Build.0 = Debug|Any CPU
		{42DBE3AD-EDA1-4CBE-8F51-3FCEC1C55F01}.Release|Any CPU.ActiveCfg = Release|Any CPU
		{42DBE3AD-EDA1-4CBE-8F51-3FCEC1C55F01}.Release|Any CPU.Build.0 = Release|Any CPU
		{42DBE3AD-EDA1-4CBE-8F51-3FCEC1C55F01}.Release|x64.ActiveCfg = Release|Any CPU
		{42DBE3AD-EDA1-4CBE-8F51-3FCEC1C55F01}.Release|x64.Build.0 = Release|Any CPU
		{42DBE3AD-EDA1-4CBE-8F51-3FCEC1C55F01}.Release|x86.ActiveCfg = Release|Any CPU
		{42DBE3AD-EDA1-4CBE-8F51-3FCEC1C55F01}.Release|x86.Build.0 = Release|Any CPU
		{EF7941B8-6518-433F-950D-00481A7C105B}.Debug|Any CPU.ActiveCfg = Debug|Any CPU
		{EF7941B8-6518-433F-950D-00481A7C105B}.Debug|Any CPU.Build.0 = Debug|Any CPU
		{EF7941B8-6518-433F-950D-00481A7C105B}.Debug|x64.ActiveCfg = Debug|Any CPU
		{EF7941B8-6518-433F-950D-00481A7C105B}.Debug|x64.Build.0 = Debug|Any CPU
		{EF7941B8-6518-433F-950D-00481A7C105B}.Debug|x86.ActiveCfg = Debug|Any CPU
		{EF7941B8-6518-433F-950D-00481A7C105B}.Debug|x86.Build.0 = Debug|Any CPU
		{EF7941B8-6518-433F-950D-00481A7C105B}.Release|Any CPU.ActiveCfg = Release|Any CPU
		{EF7941B8-6518-433F-950D-00481A7C105B}.Release|Any CPU.Build.0 = Release|Any CPU
		{EF7941B8-6518-433F-950D-00481A7C105B}.Release|x64.ActiveCfg = Release|Any CPU
		{EF7941B8-6518-433F-950D-00481A7C105B}.Release|x64.Build.0 = Release|Any CPU
		{EF7941B8-6518-433F-950D-00481A7C105B}.Release|x86.ActiveCfg = Release|Any CPU
		{EF7941B8-6518-433F-950D-00481A7C105B}.Release|x86.Build.0 = Release|Any CPU
		{2C8C865A-ACE3-4DE8-8F0B-BC996B698AD3}.Debug|Any CPU.ActiveCfg = Debug|Any CPU
		{2C8C865A-ACE3-4DE8-8F0B-BC996B698AD3}.Debug|Any CPU.Build.0 = Debug|Any CPU
		{2C8C865A-ACE3-4DE8-8F0B-BC996B698AD3}.Debug|x64.ActiveCfg = Debug|Any CPU
		{2C8C865A-ACE3-4DE8-8F0B-BC996B698AD3}.Debug|x64.Build.0 = Debug|Any CPU
		{2C8C865A-ACE3-4DE8-8F0B-BC996B698AD3}.Debug|x86.ActiveCfg = Debug|Any CPU
		{2C8C865A-ACE3-4DE8-8F0B-BC996B698AD3}.Debug|x86.Build.0 = Debug|Any CPU
		{2C8C865A-ACE3-4DE8-8F0B-BC996B698AD3}.Release|Any CPU.ActiveCfg = Release|Any CPU
		{2C8C865A-ACE3-4DE8-8F0B-BC996B698AD3}.Release|Any CPU.Build.0 = Release|Any CPU
		{2C8C865A-ACE3-4DE8-8F0B-BC996B698AD3}.Release|x64.ActiveCfg = Release|Any CPU
		{2C8C865A-ACE3-4DE8-8F0B-BC996B698AD3}.Release|x64.Build.0 = Release|Any CPU
		{2C8C865A-ACE3-4DE8-8F0B-BC996B698AD3}.Release|x86.ActiveCfg = Release|Any CPU
		{2C8C865A-ACE3-4DE8-8F0B-BC996B698AD3}.Release|x86.Build.0 = Release|Any CPU
		{9AD76D59-DA3E-421F-A217-7252316CD15D}.Debug|Any CPU.ActiveCfg = Debug|Any CPU
		{9AD76D59-DA3E-421F-A217-7252316CD15D}.Debug|Any CPU.Build.0 = Debug|Any CPU
		{9AD76D59-DA3E-421F-A217-7252316CD15D}.Debug|x64.ActiveCfg = Debug|Any CPU
		{9AD76D59-DA3E-421F-A217-7252316CD15D}.Debug|x64.Build.0 = Debug|Any CPU
		{9AD76D59-DA3E-421F-A217-7252316CD15D}.Debug|x86.ActiveCfg = Debug|Any CPU
		{9AD76D59-DA3E-421F-A217-7252316CD15D}.Debug|x86.Build.0 = Debug|Any CPU
		{9AD76D59-DA3E-421F-A217-7252316CD15D}.Release|Any CPU.ActiveCfg = Release|Any CPU
		{9AD76D59-DA3E-421F-A217-7252316CD15D}.Release|Any CPU.Build.0 = Release|Any CPU
		{9AD76D59-DA3E-421F-A217-7252316CD15D}.Release|x64.ActiveCfg = Release|Any CPU
		{9AD76D59-DA3E-421F-A217-7252316CD15D}.Release|x64.Build.0 = Release|Any CPU
		{9AD76D59-DA3E-421F-A217-7252316CD15D}.Release|x86.ActiveCfg = Release|Any CPU
		{9AD76D59-DA3E-421F-A217-7252316CD15D}.Release|x86.Build.0 = Release|Any CPU
	EndGlobalSection
EndGlobal
